{
  "name": "agentp",
  "version": "0.3.0",
  "lockfileVersion": 3,
  "requires": true,
  "packages": {
    "": {
      "name": "agentp",
      "version": "0.3.0",
      "license": "MIT",
      "bin": {
        "agentp": "bin/agentp",
        "ocmux": "bin/ocmux"
      },
      "engines": {
        "node": ">=18"
      }
    }
  }
}
